// !$*UTF8*$!
{
	archiveVersion = 1;
	classes = {
	};
	objectVersion = 56;
	objects = {

/* Begin PBXBuildFile section */
		EE106EAF2B0CAD18001A4594 /* TinyButtonView.swift in Sources */ = {isa = PBXBuildFile; fileRef = EE106EAE2B0CAD18001A4594 /* TinyButtonView.swift */; };
		EE8B535A2B038434009FE6E2 /* Apple_Music_AppApp.swift in Sources */ = {isa = PBXBuildFile; fileRef = EE8B53592B038434009FE6E2 /* Apple_Music_AppApp.swift */; };
		EE8B535C2B038434009FE6E2 /* ContentView.swift in Sources */ = {isa = PBXBuildFile; fileRef = EE8B535B2B038434009FE6E2 /* ContentView.swift */; };
		EE8B535E2B038435009FE6E2 /* Assets.xcassets in Resources */ = {isa = PBXBuildFile; fileRef = EE8B535D2B038435009FE6E2 /* Assets.xcassets */; };
		EE8B53622B038435009FE6E2 /* Preview Assets.xcassets in Resources */ = {isa = PBXBuildFile; fileRef = EE8B53612B038435009FE6E2 /* Preview Assets.xcassets */; };
		EE8B53692B054714009FE6E2 /* Album.swift in Sources */ = {isa = PBXBuildFile; fileRef = EE8B53682B054714009FE6E2 /* Album.swift */; };
		EE8B536C2B054931009FE6E2 /* Song.swift in Sources */ = {isa = PBXBuildFile; fileRef = EE8B536B2B054931009FE6E2 /* Song.swift */; };
		EE8B536E2B054C3C009FE6E2 /* MyPalette.swift in Sources */ = {isa = PBXBuildFile; fileRef = EE8B536D2B054C3C009FE6E2 /* MyPalette.swift */; };
		EE8B53702B06095E009FE6E2 /* Playlist.swift in Sources */ = {isa = PBXBuildFile; fileRef = EE8B536F2B06095E009FE6E2 /* Playlist.swift */; };
		EE8B53722B060977009FE6E2 /* Another Album by.swift in Sources */ = {isa = PBXBuildFile; fileRef = EE8B53712B060977009FE6E2 /* Another Album by.swift */; };
		EE8B53742B060A93009FE6E2 /* AlbumViewModel.swift in Sources */ = {isa = PBXBuildFile; fileRef = EE8B53732B060A93009FE6E2 /* AlbumViewModel.swift */; };
		EE8B53772B061690009FE6E2 /* AlbumView.swift in Sources */ = {isa = PBXBuildFile; fileRef = EE8B53762B061690009FE6E2 /* AlbumView.swift */; };
		EE8B537A2B063484009FE6E2 /* AnotherAlbumByView.swift in Sources */ = {isa = PBXBuildFile; fileRef = EE8B53792B063484009FE6E2 /* AnotherAlbumByView.swift */; };
		EE8B537C2B065E59009FE6E2 /* TopButtonView.swift in Sources */ = {isa = PBXBuildFile; fileRef = EE8B537B2B065E59009FE6E2 /* TopButtonView.swift */; };
		EE8B537E2B066379009FE6E2 /* PlaylistView.swift in Sources */ = {isa = PBXBuildFile; fileRef = EE8B537D2B066379009FE6E2 /* PlaylistView.swift */; };
		EE8B53802B075E8D009FE6E2 /* AlbumAnimationView.swift in Sources */ = {isa = PBXBuildFile; fileRef = EE8B537F2B075E8D009FE6E2 /* AlbumAnimationView.swift */; };
		EE8B53822B0B5CBE009FE6E2 /* ReproductionView.swift in Sources */ = {isa = PBXBuildFile; fileRef = EE8B53812B0B5CBE009FE6E2 /* ReproductionView.swift */; };
		EE8B53842B0B7498009FE6E2 /* VolumeSliderView.swift in Sources */ = {isa = PBXBuildFile; fileRef = EE8B53832B0B7498009FE6E2 /* VolumeSliderView.swift */; };
		EE8B53862B0B7BE3009FE6E2 /* QueueView.swift in Sources */ = {isa = PBXBuildFile; fileRef = EE8B53852B0B7BE3009FE6E2 /* QueueView.swift */; };
		EE8B53882B0B9CA1009FE6E2 /* TimeSliderView.swift in Sources */ = {isa = PBXBuildFile; fileRef = EE8B53872B0B9CA1009FE6E2 /* TimeSliderView.swift */; };
/* End PBXBuildFile section */

/* Begin PBXFileReference section */
		EE106EAE2B0CAD18001A4594 /* TinyButtonView.swift */ = {isa = PBXFileReference; lastKnownFileType = sourcecode.swift; path = TinyButtonView.swift; sourceTree = "<group>"; };
		EE8B53562B038434009FE6E2 /* Apple Music App.app */ = {isa = PBXFileReference; explicitFileType = wrapper.application; includeInIndex = 0; path = "Apple Music App.app"; sourceTree = BUILT_PRODUCTS_DIR; };
		EE8B53592B038434009FE6E2 /* Apple_Music_AppApp.swift */ = {isa = PBXFileReference; lastKnownFileType = sourcecode.swift; path = Apple_Music_AppApp.swift; sourceTree = "<group>"; };
		EE8B535B2B038434009FE6E2 /* ContentView.swift */ = {isa = PBXFileReference; lastKnownFileType = sourcecode.swift; path = ContentView.swift; sourceTree = "<group>"; };
		EE8B535D2B038435009FE6E2 /* Assets.xcassets */ = {isa = PBXFileReference; lastKnownFileType = folder.assetcatalog; path = Assets.xcassets; sourceTree = "<group>"; };
		EE8B535F2B038435009FE6E2 /* Apple_Music_App.entitlements */ = {isa = PBXFileReference; lastKnownFileType = text.plist.entitlements; path = Apple_Music_App.entitlements; sourceTree = "<group>"; };
		EE8B53612B038435009FE6E2 /* Preview Assets.xcassets */ = {isa = PBXFileReference; lastKnownFileType = folder.assetcatalog; path = "Preview Assets.xcassets"; sourceTree = "<group>"; };
		EE8B53682B054714009FE6E2 /* Album.swift */ = {isa = PBXFileReference; lastKnownFileType = sourcecode.swift; path = Album.swift; sourceTree = "<group>"; };
		EE8B536B2B054931009FE6E2 /* Song.swift */ = {isa = PBXFileReference; lastKnownFileType = sourcecode.swift; path = Song.swift; sourceTree = SOURCE_ROOT; };
		EE8B536D2B054C3C009FE6E2 /* MyPalette.swift */ = {isa = PBXFileReference; lastKnownFileType = sourcecode.swift; path = MyPalette.swift; sourceTree = "<group>"; };
		EE8B536F2B06095E009FE6E2 /* Playlist.swift */ = {isa = PBXFileReference; lastKnownFileType = sourcecode.swift; path = Playlist.swift; sourceTree = "<group>"; };
		EE8B53712B060977009FE6E2 /* Another Album by.swift */ = {isa = PBXFileReference; lastKnownFileType = sourcecode.swift; path = "Another Album by.swift"; sourceTree = "<group>"; };
		EE8B53732B060A93009FE6E2 /* AlbumViewModel.swift */ = {isa = PBXFileReference; lastKnownFileType = sourcecode.swift; path = AlbumViewModel.swift; sourceTree = "<group>"; };
		EE8B53762B061690009FE6E2 /* AlbumView.swift */ = {isa = PBXFileReference; lastKnownFileType = sourcecode.swift; path = AlbumView.swift; sourceTree = "<group>"; };
		EE8B53792B063484009FE6E2 /* AnotherAlbumByView.swift */ = {isa = PBXFileReference; lastKnownFileType = sourcecode.swift; path = AnotherAlbumByView.swift; sourceTree = "<group>"; };
		EE8B537B2B065E59009FE6E2 /* TopButtonView.swift */ = {isa = PBXFileReference; lastKnownFileType = sourcecode.swift; path = TopButtonView.swift; sourceTree = "<group>"; };
		EE8B537D2B066379009FE6E2 /* PlaylistView.swift */ = {isa = PBXFileReference; lastKnownFileType = sourcecode.swift; path = PlaylistView.swift; sourceTree = "<group>"; };
		EE8B537F2B075E8D009FE6E2 /* AlbumAnimationView.swift */ = {isa = PBXFileReference; lastKnownFileType = sourcecode.swift; path = AlbumAnimationView.swift; sourceTree = "<group>"; };
		EE8B53812B0B5CBE009FE6E2 /* ReproductionView.swift */ = {isa = PBXFileReference; lastKnownFileType = sourcecode.swift; path = ReproductionView.swift; sourceTree = "<group>"; };
		EE8B53832B0B7498009FE6E2 /* VolumeSliderView.swift */ = {isa = PBXFileReference; lastKnownFileType = sourcecode.swift; path = VolumeSliderView.swift; sourceTree = "<group>"; };
		EE8B53852B0B7BE3009FE6E2 /* QueueView.swift */ = {isa = PBXFileReference; lastKnownFileType = sourcecode.swift; path = QueueView.swift; sourceTree = "<group>"; };
		EE8B53872B0B9CA1009FE6E2 /* TimeSliderView.swift */ = {isa = PBXFileReference; lastKnownFileType = sourcecode.swift; path = TimeSliderView.swift; sourceTree = "<group>"; };
/* End PBXFileReference section */

/* Begin PBXFrameworksBuildPhase section */
		EE8B53532B038434009FE6E2 /* Frameworks */ = {
			isa = PBXFrameworksBuildPhase;
			buildActionMask = 2147483647;
			files = (
			);
			runOnlyForDeploymentPostprocessing = 0;
		};
/* End PBXFrameworksBuildPhase section */

/* Begin PBXGroup section */
		EE8B534D2B038434009FE6E2 = {
			isa = PBXGroup;
			children = (
				EE8B53582B038434009FE6E2 /* Apple Music App */,
				EE8B53572B038434009FE6E2 /* Products */,
			);
			sourceTree = "<group>";
		};
		EE8B53572B038434009FE6E2 /* Products */ = {
			isa = PBXGroup;
			children = (
				EE8B53562B038434009FE6E2 /* Apple Music App.app */,
			);
			name = Products;
			sourceTree = "<group>";
		};
		EE8B53582B038434009FE6E2 /* Apple Music App */ = {
			isa = PBXGroup;
			children = (
				EE8B53592B038434009FE6E2 /* Apple_Music_AppApp.swift */,
				EE8B535B2B038434009FE6E2 /* ContentView.swift */,
				EE8B535D2B038435009FE6E2 /* Assets.xcassets */,
				EE8B535F2B038435009FE6E2 /* Apple_Music_App.entitlements */,
				EE8B53602B038435009FE6E2 /* Preview Content */,
				EE8B53782B0616A4009FE6E2 /* Views */,
				EE8B53752B060AB2009FE6E2 /* ViewModel */,
				EE8B536A2B054730009FE6E2 /* Model */,
			);
			path = "Apple Music App";
			sourceTree = "<group>";
		};
		EE8B53602B038435009FE6E2 /* Preview Content */ = {
			isa = PBXGroup;
			children = (
				EE8B53612B038435009FE6E2 /* Preview Assets.xcassets */,
			);
			path = "Preview Content";
			sourceTree = "<group>";
		};
		EE8B536A2B054730009FE6E2 /* Model */ = {
			isa = PBXGroup;
			children = (
				EE8B53682B054714009FE6E2 /* Album.swift */,
				EE8B536B2B054931009FE6E2 /* Song.swift */,
				EE8B536F2B06095E009FE6E2 /* Playlist.swift */,
				EE8B53712B060977009FE6E2 /* Another Album by.swift */,
				EE8B536D2B054C3C009FE6E2 /* MyPalette.swift */,
			);
			path = Model;
			sourceTree = "<group>";
		};
		EE8B53752B060AB2009FE6E2 /* ViewModel */ = {
			isa = PBXGroup;
			children = (
				EE8B53732B060A93009FE6E2 /* AlbumViewModel.swift */,
			);
			path = ViewModel;
			sourceTree = "<group>";
		};
		EE8B53782B0616A4009FE6E2 /* Views */ = {
			isa = PBXGroup;
			children = (
				EE8B53762B061690009FE6E2 /* AlbumView.swift */,
				EE8B53812B0B5CBE009FE6E2 /* ReproductionView.swift */,
				EE8B537F2B075E8D009FE6E2 /* AlbumAnimationView.swift */,
				EE8B53852B0B7BE3009FE6E2 /* QueueView.swift */,
				EE8B53872B0B9CA1009FE6E2 /* TimeSliderView.swift */,
				EE8B53832B0B7498009FE6E2 /* VolumeSliderView.swift */,
				EE8B537B2B065E59009FE6E2 /* TopButtonView.swift */,
				EE106EAE2B0CAD18001A4594 /* TinyButtonView.swift */,
				EE8B53792B063484009FE6E2 /* AnotherAlbumByView.swift */,
				EE8B537D2B066379009FE6E2 /* PlaylistView.swift */,
			);
			path = Views;
			sourceTree = "<group>";
		};
/* End PBXGroup section */

/* Begin PBXNativeTarget section */
		EE8B53552B038434009FE6E2 /* Apple Music App */ = {
			isa = PBXNativeTarget;
			buildConfigurationList = EE8B53652B038435009FE6E2 /* Build configuration list for PBXNativeTarget "Apple Music App" */;
			buildPhases = (
				EE8B53522B038434009FE6E2 /* Sources */,
				EE8B53532B038434009FE6E2 /* Frameworks */,
				EE8B53542B038434009FE6E2 /* Resources */,
			);
			buildRules = (
			);
			dependencies = (
			);
			name = "Apple Music App";
			productName = "Apple Music App";
			productReference = EE8B53562B038434009FE6E2 /* Apple Music App.app */;
			productType = "com.apple.product-type.application";
		};
/* End PBXNativeTarget section */

/* Begin PBXProject section */
		EE8B534E2B038434009FE6E2 /* Project object */ = {
			isa = PBXProject;
			attributes = {
				BuildIndependentTargetsInParallel = 1;
				LastSwiftUpdateCheck = 1500;
				LastUpgradeCheck = 1500;
				TargetAttributes = {
					EE8B53552B038434009FE6E2 = {
						CreatedOnToolsVersion = 15.0;
					};
				};
			};
			buildConfigurationList = EE8B53512B038434009FE6E2 /* Build configuration list for PBXProject "Apple Music App" */;
			compatibilityVersion = "Xcode 14.0";
			developmentRegion = en;
			hasScannedForEncodings = 0;
			knownRegions = (
				en,
				Base,
			);
			mainGroup = EE8B534D2B038434009FE6E2;
			productRefGroup = EE8B53572B038434009FE6E2 /* Products */;
			projectDirPath = "";
			projectRoot = "";
			targets = (
				EE8B53552B038434009FE6E2 /* Apple Music App */,
			);
		};
/* End PBXProject section */

/* Begin PBXResourcesBuildPhase section */
		EE8B53542B038434009FE6E2 /* Resources */ = {
			isa = PBXResourcesBuildPhase;
			buildActionMask = 2147483647;
			files = (
				EE8B53622B038435009FE6E2 /* Preview Assets.xcassets in Resources */,
				EE8B535E2B038435009FE6E2 /* Assets.xcassets in Resources */,
			);
			runOnlyForDeploymentPostprocessing = 0;
		};
/* End PBXResourcesBuildPhase section */

/* Begin PBXSourcesBuildPhase section */
		EE8B53522B038434009FE6E2 /* Sources */ = {
			isa = PBXSourcesBuildPhase;
			buildActionMask = 2147483647;
			files = (
				EE8B53722B060977009FE6E2 /* Another Album by.swift in Sources */,
				EE8B536C2B054931009FE6E2 /* Song.swift in Sources */,
				EE8B535C2B038434009FE6E2 /* ContentView.swift in Sources */,
				EE8B53882B0B9CA1009FE6E2 /* TimeSliderView.swift in Sources */,
				EE106EAF2B0CAD18001A4594 /* TinyButtonView.swift in Sources */,
				EE8B53772B061690009FE6E2 /* AlbumView.swift in Sources */,
				EE8B53822B0B5CBE009FE6E2 /* ReproductionView.swift in Sources */,
				EE8B535A2B038434009FE6E2 /* Apple_Music_AppApp.swift in Sources */,
				EE8B53742B060A93009FE6E2 /* AlbumViewModel.swift in Sources */,
				EE8B537E2B066379009FE6E2 /* PlaylistView.swift in Sources */,
				EE8B53802B075E8D009FE6E2 /* AlbumAnimationView.swift in Sources */,
				EE8B536E2B054C3C009FE6E2 /* MyPalette.swift in Sources */,
				EE8B53862B0B7BE3009FE6E2 /* QueueView.swift in Sources */,
				EE8B53692B054714009FE6E2 /* Album.swift in Sources */,
				EE8B53842B0B7498009FE6E2 /* VolumeSliderView.swift in Sources */,
				EE8B537C2B065E59009FE6E2 /* TopButtonView.swift in Sources */,
				EE8B53702B06095E009FE6E2 /* Playlist.swift in Sources */,
				EE8B537A2B063484009FE6E2 /* AnotherAlbumByView.swift in Sources */,
			);
			runOnlyForDeploymentPostprocessing = 0;
		};
/* End PBXSourcesBuildPhase section */

/* Begin XCBuildConfiguration section */
		EE8B53632B038435009FE6E2 /* Debug */ = {
			isa = XCBuildConfiguration;
			buildSettings = {
				ALWAYS_SEARCH_USER_PATHS = NO;
				ASSETCATALOG_COMPILER_GENERATE_SWIFT_ASSET_SYMBOL_EXTENSIONS = YES;
				CLANG_ANALYZER_NONNULL = YES;
				CLANG_ANALYZER_NUMBER_OBJECT_CONVERSION = YES_AGGRESSIVE;
				CLANG_CXX_LANGUAGE_STANDARD = "gnu++20";
				CLANG_ENABLE_MODULES = YES;
				CLANG_ENABLE_OBJC_ARC = YES;
				CLANG_ENABLE_OBJC_WEAK = YES;
				CLANG_WARN_BLOCK_CAPTURE_AUTORELEASING = YES;
				CLANG_WARN_BOOL_CONVERSION = YES;
				CLANG_WARN_COMMA = YES;
				CLANG_WARN_CONSTANT_CONVERSION = YES;
				CLANG_WARN_DEPRECATED_OBJC_IMPLEMENTATIONS = YES;
				CLANG_WARN_DIRECT_OBJC_ISA_USAGE = YES_ERROR;
				CLANG_WARN_DOCUMENTATION_COMMENTS = YES;
				CLANG_WARN_EMPTY_BODY = YES;
				CLANG_WARN_ENUM_CONVERSION = YES;
				CLANG_WARN_INFINITE_RECURSION = YES;
				CLANG_WARN_INT_CONVERSION = YES;
				CLANG_WARN_NON_LITERAL_NULL_CONVERSION = YES;
				CLANG_WARN_OBJC_IMPLICIT_RETAIN_SELF = YES;
				CLANG_WARN_OBJC_LITERAL_CONVERSION = YES;
				CLANG_WARN_OBJC_ROOT_CLASS = YES_ERROR;
				CLANG_WARN_QUOTED_INCLUDE_IN_FRAMEWORK_HEADER = YES;
				CLANG_WARN_RANGE_LOOP_ANALYSIS = YES;
				CLANG_WARN_STRICT_PROTOTYPES = YES;
				CLANG_WARN_SUSPICIOUS_MOVE = YES;
				CLANG_WARN_UNGUARDED_AVAILABILITY = YES_AGGRESSIVE;
				CLANG_WARN_UNREACHABLE_CODE = YES;
				CLANG_WARN__DUPLICATE_METHOD_MATCH = YES;
				COPY_PHASE_STRIP = NO;
				DEBUG_INFORMATION_FORMAT = dwarf;
				ENABLE_STRICT_OBJC_MSGSEND = YES;
				ENABLE_TESTABILITY = YES;
				ENABLE_USER_SCRIPT_SANDBOXING = YES;
				GCC_C_LANGUAGE_STANDARD = gnu17;
				GCC_DYNAMIC_NO_PIC = NO;
				GCC_NO_COMMON_BLOCKS = YES;
				GCC_OPTIMIZATION_LEVEL = 0;
				GCC_PREPROCESSOR_DEFINITIONS = (
					"DEBUG=1",
					"$(inherited)",
				);
				GCC_WARN_64_TO_32_BIT_CONVERSION = YES;
				GCC_WARN_ABOUT_RETURN_TYPE = YES_ERROR;
				GCC_WARN_UNDECLARED_SELECTOR = YES;
				GCC_WARN_UNINITIALIZED_AUTOS = YES_AGGRESSIVE;
				GCC_WARN_UNUSED_FUNCTION = YES;
				GCC_WARN_UNUSED_VARIABLE = YES;
				LOCALIZATION_PREFERS_STRING_CATALOGS = YES;
				MTL_ENABLE_DEBUG_INFO = INCLUDE_SOURCE;
				MTL_FAST_MATH = YES;
				ONLY_ACTIVE_ARCH = YES;
				SWIFT_ACTIVE_COMPILATION_CONDITIONS = "DEBUG $(inherited)";
				SWIFT_OPTIMIZATION_LEVEL = "-Onone";
			};
			name = Debug;
		};
		EE8B53642B038435009FE6E2 /* Release */ = {
			isa = XCBuildConfiguration;
			buildSettings = {
				ALWAYS_SEARCH_USER_PATHS = NO;
				ASSETCATALOG_COMPILER_GENERATE_SWIFT_ASSET_SYMBOL_EXTENSIONS = YES;
				CLANG_ANALYZER_NONNULL = YES;
				CLANG_ANALYZER_NUMBER_OBJECT_CONVERSION = YES_AGGRESSIVE;
				CLANG_CXX_LANGUAGE_STANDARD = "gnu++20";
				CLANG_ENABLE_MODULES = YES;
				CLANG_ENABLE_OBJC_ARC = YES;
				CLANG_ENABLE_OBJC_WEAK = YES;
				CLANG_WARN_BLOCK_CAPTURE_AUTORELEASING = YES;
				CLANG_WARN_BOOL_CONVERSION = YES;
				CLANG_WARN_COMMA = YES;
				CLANG_WARN_CONSTANT_CONVERSION = YES;
				CLANG_WARN_DEPRECATED_OBJC_IMPLEMENTATIONS = YES;
				CLANG_WARN_DIRECT_OBJC_ISA_USAGE = YES_ERROR;
				CLANG_WARN_DOCUMENTATION_COMMENTS = YES;
				CLANG_WARN_EMPTY_BODY = YES;
				CLANG_WARN_ENUM_CONVERSION = YES;
				CLANG_WARN_INFINITE_RECURSION = YES;
				CLANG_WARN_INT_CONVERSION = YES;
				CLANG_WARN_NON_LITERAL_NULL_CONVERSION = YES;
				CLANG_WARN_OBJC_IMPLICIT_RETAIN_SELF = YES;
				CLANG_WARN_OBJC_LITERAL_CONVERSION = YES;
				CLANG_WARN_OBJC_ROOT_CLASS = YES_ERROR;
				CLANG_WARN_QUOTED_INCLUDE_IN_FRAMEWORK_HEADER = YES;
				CLANG_WARN_RANGE_LOOP_ANALYSIS = YES;
				CLANG_WARN_STRICT_PROTOTYPES = YES;
				CLANG_WARN_SUSPICIOUS_MOVE = YES;
				CLANG_WARN_UNGUARDED_AVAILABILITY = YES_AGGRESSIVE;
				CLANG_WARN_UNREACHABLE_CODE = YES;
				CLANG_WARN__DUPLICATE_METHOD_MATCH = YES;
				COPY_PHASE_STRIP = NO;
				DEBUG_INFORMATION_FORMAT = "dwarf-with-dsym";
				ENABLE_NS_ASSERTIONS = NO;
				ENABLE_STRICT_OBJC_MSGSEND = YES;
				ENABLE_USER_SCRIPT_SANDBOXING = YES;
				GCC_C_LANGUAGE_STANDARD = gnu17;
				GCC_NO_COMMON_BLOCKS = YES;
				GCC_WARN_64_TO_32_BIT_CONVERSION = YES;
				GCC_WARN_ABOUT_RETURN_TYPE = YES_ERROR;
				GCC_WARN_UNDECLARED_SELECTOR = YES;
				GCC_WARN_UNINITIALIZED_AUTOS = YES_AGGRESSIVE;
				GCC_WARN_UNUSED_FUNCTION = YES;
				GCC_WARN_UNUSED_VARIABLE = YES;
				LOCALIZATION_PREFERS_STRING_CATALOGS = YES;
				MTL_ENABLE_DEBUG_INFO = NO;
				MTL_FAST_MATH = YES;
				SWIFT_COMPILATION_MODE = wholemodule;
			};
			name = Release;
		};
		EE8B53662B038435009FE6E2 /* Debug */ = {
			isa = XCBuildConfiguration;
			buildSettings = {
				ASSETCATALOG_COMPILER_APPICON_NAME = AppIcon;
				ASSETCATALOG_COMPILER_GLOBAL_ACCENT_COLOR_NAME = AccentColor;
				CODE_SIGN_ENTITLEMENTS = "Apple Music App/Apple_Music_App.entitlements";
				CODE_SIGN_STYLE = Automatic;
				CURRENT_PROJECT_VERSION = 1;
				DEVELOPMENT_ASSET_PATHS = "\"Apple Music App/Preview Content\"";
				DEVELOPMENT_TEAM = Q6DHV9ZDPL;
				ENABLE_PREVIEWS = YES;
				GENERATE_INFOPLIST_FILE = YES;
				"INFOPLIST_KEY_UIApplicationSceneManifest_Generation[sdk=iphoneos*]" = YES;
				"INFOPLIST_KEY_UIApplicationSceneManifest_Generation[sdk=iphonesimulator*]" = YES;
				"INFOPLIST_KEY_UIApplicationSupportsIndirectInputEvents[sdk=iphoneos*]" = YES;
				"INFOPLIST_KEY_UIApplicationSupportsIndirectInputEvents[sdk=iphonesimulator*]" = YES;
				"INFOPLIST_KEY_UILaunchScreen_Generation[sdk=iphoneos*]" = YES;
				"INFOPLIST_KEY_UILaunchScreen_Generation[sdk=iphonesimulator*]" = YES;
				"INFOPLIST_KEY_UIStatusBarStyle[sdk=iphoneos*]" = UIStatusBarStyleDefault;
				"INFOPLIST_KEY_UIStatusBarStyle[sdk=iphonesimulator*]" = UIStatusBarStyleDefault;
				INFOPLIST_KEY_UISupportedInterfaceOrientations_iPad = "UIInterfaceOrientationPortrait UIInterfaceOrientationPortraitUpsideDown UIInterfaceOrientationLandscapeLeft UIInterfaceOrientationLandscapeRight";
				INFOPLIST_KEY_UISupportedInterfaceOrientations_iPhone = "UIInterfaceOrientationPortrait UIInterfaceOrientationLandscapeLeft UIInterfaceOrientationLandscapeRight";
				IPHONEOS_DEPLOYMENT_TARGET = 17.0;
				LD_RUNPATH_SEARCH_PATHS = "@executable_path/Frameworks";
				"LD_RUNPATH_SEARCH_PATHS[sdk=macosx*]" = "@executable_path/../Frameworks";
				MACOSX_DEPLOYMENT_TARGET = 14.0;
				MARKETING_VERSION = 1.0;
				PRODUCT_BUNDLE_IDENTIFIER = "Maya-Navarrete.Apple-Music-App";
				PRODUCT_NAME = "$(TARGET_NAME)";
				SDKROOT = auto;
				SUPPORTED_PLATFORMS = "iphoneos iphonesimulator macosx";
				SWIFT_EMIT_LOC_STRINGS = YES;
				SWIFT_VERSION = 5.0;
				TARGETED_DEVICE_FAMILY = "1,2";
			};
			name = Debug;
		};
		EE8B53672B038435009FE6E2 /* Release */ = {
			isa = XCBuildConfiguration;
			buildSettings = {
				ASSETCATALOG_COMPILER_APPICON_NAME = AppIcon;
				ASSETCATALOG_COMPILER_GLOBAL_ACCENT_COLOR_NAME = AccentColor;
				CODE_SIGN_ENTITLEMENTS = "Apple Music App/Apple_Music_App.entitlements";
				CODE_SIGN_STYLE = Automatic;
				CURRENT_PROJECT_VERSION = 1;
				DEVELOPMENT_ASSET_PATHS = "\"Apple Music App/Preview Content\"";
				DEVELOPMENT_TEAM = Q6DHV9ZDPL;
				ENABLE_PREVIEWS = YES;
				GENERATE_INFOPLIST_FILE = YES;
				"INFOPLIST_KEY_UIApplicationSceneManifest_Generation[sdk=iphoneos*]" = YES;
				"INFOPLIST_KEY_UIApplicationSceneManifest_Generation[sdk=iphonesimulator*]" = YES;
				"INFOPLIST_KEY_UIApplicationSupportsIndirectInputEvents[sdk=iphoneos*]" = YES;
				"INFOPLIST_KEY_UIApplicationSupportsIndirectInputEvents[sdk=iphonesimulator*]" = YES;
				"INFOPLIST_KEY_UILaunchScreen_Generation[sdk=iphoneos*]" = YES;
				"INFOPLIST_KEY_UILaunchScreen_Generation[sdk=iphonesimulator*]" = YES;
				"INFOPLIST_KEY_UIStatusBarStyle[sdk=iphoneos*]" = UIStatusBarStyleDefault;
				"INFOPLIST_KEY_UIStatusBarStyle[sdk=iphonesimulator*]" = UIStatusBarStyleDefault;
				INFOPLIST_KEY_UISupportedInterfaceOrientations_iPad = "UIInterfaceOrientationPortrait UIInterfaceOrientationPortraitUpsideDown UIInterfaceOrientationLandscapeLeft UIInterfaceOrientationLandscapeRight";
				INFOPLIST_KEY_UISupportedInterfaceOrientations_iPhone = "UIInterfaceOrientationPortrait UIInterfaceOrientationLandscapeLeft UIInterfaceOrientationLandscapeRight";
				IPHONEOS_DEPLOYMENT_TARGET = 17.0;
				LD_RUNPATH_SEARCH_PATHS = "@executable_path/Frameworks";
				"LD_RUNPATH_SEARCH_PATHS[sdk=macosx*]" = "@executable_path/../Frameworks";
				MACOSX_DEPLOYMENT_TARGET = 14.0;
				MARKETING_VERSION = 1.0;
				PRODUCT_BUNDLE_IDENTIFIER = "Maya-Navarrete.Apple-Music-App";
				PRODUCT_NAME = "$(TARGET_NAME)";
				SDKROOT = auto;
				SUPPORTED_PLATFORMS = "iphoneos iphonesimulator macosx";
				SWIFT_EMIT_LOC_STRINGS = YES;
				SWIFT_VERSION = 5.0;
				TARGETED_DEVICE_FAMILY = "1,2";
			};
			name = Release;
		};
/* End XCBuildConfiguration section */

/* Begin XCConfigurationList section */
		EE8B53512B038434009FE6E2 /* Build configuration list for PBXProject "Apple Music App" */ = {
			isa = XCConfigurationList;
			buildConfigurations = (
				EE8B53632B038435009FE6E2 /* Debug */,
				EE8B53642B038435009FE6E2 /* Release */,
			);
			defaultConfigurationIsVisible = 0;
			defaultConfigurationName = Release;
		};
		EE8B53652B038435009FE6E2 /* Build configuration list for PBXNativeTarget "Apple Music App" */ = {
			isa = XCConfigurationList;
			buildConfigurations = (
				EE8B53662B038435009FE6E2 /* Debug */,
				EE8B53672B038435009FE6E2 /* Release */,
			);
			defaultConfigurationIsVisible = 0;
			defaultConfigurationName = Release;
		};
/* End XCConfigurationList section */
	};
	rootObject = EE8B534E2B038434009FE6E2 /* Project object */;
}
